<Solution>
  <Project Path="LibraryManagement.Api/LibraryManagement.Api.csproj" />
  <Project Path="LibraryManagement.Application/LibraryManagement.Application.csproj" />
  <Project Path="LibraryManagement.Domain/LibraryManagement.Domain.csproj" />
  <Project Path="LibraryManagement.Infrastructure/LibraryManagement.Infrastructure.csproj" />
  <Project Path="LibraryManagement.Tests/LibraryManagement.Tests.csproj" />
  <Project Path="LibraryManagement.Contracts/LibraryManagement.Contracts.csproj" />
</Solution>